# This file is automatically @generated by Cargo.
# It is not intended for manual editing.
version = 4

[[package]]
name = "nomos-app"
version = "0.0.0"
dependencies = [
 "nomos-canon",
 "nomos-cipher",
 "nomos-core",
 "nomos-mesh",
 "nomos-protocol",
 "nomos-store",
 "nomos-substrate",
 "nomos-warp",
]

[[package]]
name = "nomos-canon"
version = "0.0.0"
dependencies = [
 "nomos-core",
]

[[package]]
name = "nomos-cell"
version = "0.0.0"
dependencies = [
 "nomos-app",
 "nomos-cipher-vault",
 "nomos-mesh-headscale",
 "nomos-substrate-linux",
]

[[package]]
name = "nomos-cipher"
version = "0.0.0"
dependencies = [
 "nomos-core",
]

[[package]]
name = "nomos-cipher-vault"
version = "0.0.0"
dependencies = [
 "nomos-cipher",
 "nomos-core",
]

[[package]]
name = "nomos-core"
version = "0.0.0"

[[package]]
name = "nomos-loom"
version = "0.0.0"
dependencies = [
 "nomos-app",
 "nomos-cipher-vault",
 "nomos-mesh-headscale",
]

[[package]]
name = "nomos-mesh"
version = "0.0.0"
dependencies = [
 "nomos-core",
]

[[package]]
name = "nomos-mesh-headscale"
version = "0.0.0"
dependencies = [
 "nomos-core",
 "nomos-mesh",
]

[[package]]
name = "nomos-protocol"
version = "0.0.0"
dependencies = [
 "nomos-core",
]

[[package]]
name = "nomos-store"
version = "0.0.0"
dependencies = [
 "nomos-core",
]

[[package]]
name = "nomos-substrate"
version = "0.0.0"
dependencies = [
 "nomos-core",
]

[[package]]
name = "nomos-substrate-linux"
version = "0.0.0"
dependencies = [
 "nomos-core",
 "nomos-substrate",
]

[[package]]
name = "nomos-substrate-mock"
version = "0.0.0"
dependencies = [
 "nomos-core",
 "nomos-substrate",
]

[[package]]
name = "nomos-warp"
version = "0.0.0"
dependencies = [
 "nomos-core",
]
